
Microsoft Visual Studio Solution File, Format Version 12.00
# Visual Studio Version 17
VisualStudioVersion = 17.13.35806.99 d17.13
MinimumVisualStudioVersion = 10.0.40219.1
Project("{FAE04EC0-301F-11D3-BF4B-00C04F79EFBC}") = "Aula02", "Aula02\Aula02.csproj", "{A2470A5B-5A07-474A-9D71-6446BFC2F740}"
EndProject
Global
	GlobalSection(SolutionConfigurationPlatforms) = preSolution
		Debug|Any CPU = Debug|Any CPU
		Release|Any CPU = Release|Any CPU
	EndGlobalSection
	GlobalSection(ProjectConfigurationPlatforms) = postSolution
		{A2470A5B-5A07-474A-9D71-6446BFC2F740}.Debug|Any CPU.ActiveCfg = Debug|Any CPU
		{A2470A5B-5A07-474A-9D71-6446BFC2F740}.Debug|Any CPU.Build.0 = Debug|Any CPU
		{A2470A5B-5A07-474A-9D71-6446BFC2F740}.Release|Any CPU.ActiveCfg = Release|Any CPU
		{A2470A5B-5A07-474A-9D71-6446BFC2F740}.Release|Any CPU.Build.0 = Release|Any CPU
	EndGlobalSection
	GlobalSection(SolutionProperties) = preSolution
		HideSolutionNode = FALSE
	EndGlobalSection
	GlobalSection(ExtensibilityGlobals) = postSolution
		SolutionGuid = {78AF37F8-07B4-42C0-AFBC-C5C87EBE020D}
	EndGlobalSection
EndGlobal
