
Microsoft Visual Studio Solution File, Format Version 12.00
# Visual Studio Version 17
VisualStudioVersion = 17.13.35806.99 d17.13
MinimumVisualStudioVersion = 10.0.40219.1
Project("{FAE04EC0-301F-11D3-BF4B-00C04F79EFBC}") = "Aula03", "Aula03\Aula03.csproj", "{DED82615-667A-411A-9DDB-2633D1F7BEBD}"
EndProject
Global
	GlobalSection(SolutionConfigurationPlatforms) = preSolution
		Debug|Any CPU = Debug|Any CPU
		Release|Any CPU = Release|Any CPU
	EndGlobalSection
	GlobalSection(ProjectConfigurationPlatforms) = postSolution
		{DED82615-667A-411A-9DDB-2633D1F7BEBD}.Debug|Any CPU.ActiveCfg = Debug|Any CPU
		{DED82615-667A-411A-9DDB-2633D1F7BEBD}.Debug|Any CPU.Build.0 = Debug|Any CPU
		{DED82615-667A-411A-9DDB-2633D1F7BEBD}.Release|Any CPU.ActiveCfg = Release|Any CPU
		{DED82615-667A-411A-9DDB-2633D1F7BEBD}.Release|Any CPU.Build.0 = Release|Any CPU
	EndGlobalSection
	GlobalSection(SolutionProperties) = preSolution
		HideSolutionNode = FALSE
	EndGlobalSection
	GlobalSection(ExtensibilityGlobals) = postSolution
		SolutionGuid = {EB2A973E-99DC-4092-9BDF-8093DE9467E2}
	EndGlobalSection
EndGlobal
